
Microsoft Visual Studio Solution File, Format Version 12.00
# Visual Studio 15
VisualStudioVersion = 15.0.27428.2037
MinimumVisualStudioVersion = 10.0.40219.1
Project("{FAE04EC0-301F-11D3-BF4B-00C04F79EFBC}") = "BotAppStart", "BotAppStart\BotAppStart.csproj", "{0DB388BE-40A2-4775-A00D-4BD221E05FB3}"
EndProject
Global
	GlobalSection(SolutionConfigurationPlatforms) = preSolution
		Debug|Any CPU = Debug|Any CPU
		Release|Any CPU = Release|Any CPU
	EndGlobalSection
	GlobalSection(ProjectConfigurationPlatforms) = postSolution
		{0DB388BE-40A2-4775-A00D-4BD221E05FB3}.Debug|Any CPU.ActiveCfg = Debug|Any CPU
		{0DB388BE-40A2-4775-A00D-4BD221E05FB3}.Debug|Any CPU.Build.0 = Debug|Any CPU
		{0DB388BE-40A2-4775-A00D-4BD221E05FB3}.Release|Any CPU.ActiveCfg = Release|Any CPU
		{0DB388BE-40A2-4775-A00D-4BD221E05FB3}.Release|Any CPU.Build.0 = Release|Any CPU
	EndGlobalSection
	GlobalSection(SolutionProperties) = preSolution
		HideSolutionNode = FALSE
	EndGlobalSection
	GlobalSection(ExtensibilityGlobals) = postSolution
		SolutionGuid = {E460F1A3-828D-43FB-BCDB-48D5337AC4F2}
	EndGlobalSection
EndGlobal
